
Microsoft Visual Studio Solution File, Format Version 12.00
# Visual Studio Version 16
VisualStudioVersion = 16.0.30320.27
MinimumVisualStudioVersion = 10.0.40219.1
Project("{FAE04EC0-301F-11D3-BF4B-00C04F79EFBC}") = "SpamFireNetPipe", "SpamFireNetPipe\SpamFireNetPipe.csproj", "{DEC87CE4-7F9E-4825-B1D8-555CCD05FE1B}"
EndProject
Global
	GlobalSection(SolutionConfigurationPlatforms) = preSolution
		Debug|Any CPU = Debug|Any CPU
		Release|Any CPU = Release|Any CPU
	EndGlobalSection
	GlobalSection(ProjectConfigurationPlatforms) = postSolution
		{DEC87CE4-7F9E-4825-B1D8-555CCD05FE1B}.Debug|Any CPU.ActiveCfg = Debug|Any CPU
		{DEC87CE4-7F9E-4825-B1D8-555CCD05FE1B}.Debug|Any CPU.Build.0 = Debug|Any CPU
		{DEC87CE4-7F9E-4825-B1D8-555CCD05FE1B}.Release|Any CPU.ActiveCfg = Release|Any CPU
		{DEC87CE4-7F9E-4825-B1D8-555CCD05FE1B}.Release|Any CPU.Build.0 = Release|Any CPU
	EndGlobalSection
	GlobalSection(SolutionProperties) = preSolution
		HideSolutionNode = FALSE
	EndGlobalSection
	GlobalSection(ExtensibilityGlobals) = postSolution
		SolutionGuid = {1C420897-E2DF-49F0-8411-3676471384D6}
	EndGlobalSection
EndGlobal
